
Microsoft Visual Studio Solution File, Format Version 12.00
# Visual Studio Version 17
VisualStudioVersion = 17.10.34928.147
MinimumVisualStudioVersion = 10.0.40219.1
Project("{FAE04EC0-301F-11D3-BF4B-00C04F79EFBC}") = "MerchantDashboard", "MerchantDashboard\MerchantDashboard.csproj", "{728A567E-955E-48F6-B2C9-F4EF4F9CA20D}"
EndProject
Global
	GlobalSection(SolutionConfigurationPlatforms) = preSolution
		Debug|Any CPU = Debug|Any CPU
		Release|Any CPU = Release|Any CPU
	EndGlobalSection
	GlobalSection(ProjectConfigurationPlatforms) = postSolution
		{728A567E-955E-48F6-B2C9-F4EF4F9CA20D}.Debug|Any CPU.ActiveCfg = Debug|Any CPU
		{728A567E-955E-48F6-B2C9-F4EF4F9CA20D}.Debug|Any CPU.Build.0 = Debug|Any CPU
		{728A567E-955E-48F6-B2C9-F4EF4F9CA20D}.Release|Any CPU.ActiveCfg = Release|Any CPU
		{728A567E-955E-48F6-B2C9-F4EF4F9CA20D}.Release|Any CPU.Build.0 = Release|Any CPU
	EndGlobalSection
	GlobalSection(SolutionProperties) = preSolution
		HideSolutionNode = FALSE
	EndGlobalSection
	GlobalSection(ExtensibilityGlobals) = postSolution
		SolutionGuid = {2494B71B-66B4-4550-8821-0C806ABB0B0A}
	EndGlobalSection
EndGlobal
